
Microsoft Visual Studio Solution File, Format Version 12.00
# Visual Studio Version 16
VisualStudioVersion = 16.0.31702.278
MinimumVisualStudioVersion = 10.0.40219.1
Project("{FAE04EC0-301F-11D3-BF4B-00C04F79EFBC}") = "HomeWpfApp19", "HomeWpfApp19\HomeWpfApp19.csproj", "{166C88DA-5FFC-4312-8BE3-A0498C24B8E9}"
EndProject
Global
	GlobalSection(SolutionConfigurationPlatforms) = preSolution
		Debug|Any CPU = Debug|Any CPU
		Release|Any CPU = Release|Any CPU
	EndGlobalSection
	GlobalSection(ProjectConfigurationPlatforms) = postSolution
		{166C88DA-5FFC-4312-8BE3-A0498C24B8E9}.Debug|Any CPU.ActiveCfg = Debug|Any CPU
		{166C88DA-5FFC-4312-8BE3-A0498C24B8E9}.Debug|Any CPU.Build.0 = Debug|Any CPU
		{166C88DA-5FFC-4312-8BE3-A0498C24B8E9}.Release|Any CPU.ActiveCfg = Release|Any CPU
		{166C88DA-5FFC-4312-8BE3-A0498C24B8E9}.Release|Any CPU.Build.0 = Release|Any CPU
	EndGlobalSection
	GlobalSection(SolutionProperties) = preSolution
		HideSolutionNode = FALSE
	EndGlobalSection
	GlobalSection(ExtensibilityGlobals) = postSolution
		SolutionGuid = {04023019-2DFA-48B1-8689-373241CB7532}
	EndGlobalSection
EndGlobal
